
Microsoft Visual Studio Solution File, Format Version 12.00
# Visual Studio Version 17
VisualStudioVersion = 17.4.33205.214
MinimumVisualStudioVersion = 10.0.40219.1
Project("{FAE04EC0-301F-11D3-BF4B-00C04F79EFBC}") = "Box", "Box\Box.csproj", "{5B30F5C4-03F7-4182-B1B7-69F9BFAA7C13}"
EndProject
Global
	GlobalSection(SolutionConfigurationPlatforms) = preSolution
		Debug|Any CPU = Debug|Any CPU
		Release|Any CPU = Release|Any CPU
	EndGlobalSection
	GlobalSection(ProjectConfigurationPlatforms) = postSolution
		{5B30F5C4-03F7-4182-B1B7-69F9BFAA7C13}.Debug|Any CPU.ActiveCfg = Debug|Any CPU
		{5B30F5C4-03F7-4182-B1B7-69F9BFAA7C13}.Debug|Any CPU.Build.0 = Debug|Any CPU
		{5B30F5C4-03F7-4182-B1B7-69F9BFAA7C13}.Release|Any CPU.ActiveCfg = Release|Any CPU
		{5B30F5C4-03F7-4182-B1B7-69F9BFAA7C13}.Release|Any CPU.Build.0 = Release|Any CPU
	EndGlobalSection
	GlobalSection(SolutionProperties) = preSolution
		HideSolutionNode = FALSE
	EndGlobalSection
	GlobalSection(ExtensibilityGlobals) = postSolution
		SolutionGuid = {659B37D0-D741-47AC-B54E-1FC175ABE51F}
	EndGlobalSection
EndGlobal
