
Microsoft Visual Studio Solution File, Format Version 12.00
# Visual Studio Version 16
VisualStudioVersion = 16.0.29613.14
MinimumVisualStudioVersion = 10.0.40219.1
Project("{FAE04EC0-301F-11D3-BF4B-00C04F79EFBC}") = "PropertyAsFileName", "PropertyAsFileName.csproj", "{A1B2D752-6F0B-4696-A061-0E57C272B693}"
EndProject
Global
	GlobalSection(SolutionConfigurationPlatforms) = preSolution
		Debug|Any CPU = Debug|Any CPU
		Release|Any CPU = Release|Any CPU
	EndGlobalSection
	GlobalSection(ProjectConfigurationPlatforms) = postSolution
		{A1B2D752-6F0B-4696-A061-0E57C272B693}.Debug|Any CPU.ActiveCfg = Debug|Any CPU
		{A1B2D752-6F0B-4696-A061-0E57C272B693}.Debug|Any CPU.Build.0 = Debug|Any CPU
		{A1B2D752-6F0B-4696-A061-0E57C272B693}.Release|Any CPU.ActiveCfg = Release|Any CPU
		{A1B2D752-6F0B-4696-A061-0E57C272B693}.Release|Any CPU.Build.0 = Release|Any CPU
	EndGlobalSection
	GlobalSection(SolutionProperties) = preSolution
		HideSolutionNode = FALSE
	EndGlobalSection
	GlobalSection(ExtensibilityGlobals) = postSolution
		SolutionGuid = {02CE2163-F9B4-478C-9B61-7D4DE04EA017}
	EndGlobalSection
EndGlobal
