
Microsoft Visual Studio Solution File, Format Version 12.00
# Visual Studio Version 16
VisualStudioVersion = 16.0.29613.14
MinimumVisualStudioVersion = 10.0.40219.1
Project("{FAE04EC0-301F-11D3-BF4B-00C04F79EFBC}") = "SwTaskPaneAddIn", "SwTaskPaneAddIn.csproj", "{1DD625E7-4575-4DF4-B81A-7791BBFB5689}"
EndProject
Project("{54435603-DBB4-11D2-8724-00A0C9A8B90C}") = "VSI", "Installers\Vsi\VsiInstaller.vdproj", "{069E4A68-0660-41F3-8541-198D83668489}"
EndProject
Project("{2150E333-8FDC-42A3-9474-1A3956D46DE8}") = "Installers", "Installers", "{06ED9741-F3ED-478B-89F4-8C3E9A583E58}"
EndProject
Project("{FAE04EC0-301F-11D3-BF4B-00C04F79EFBC}") = "WiX", "Installers\WiX\WiX.csproj", "{C24BC54F-0824-4021-BCE5-96307A938ED6}"
	ProjectSection(ProjectDependencies) = postProject
		{1DD625E7-4575-4DF4-B81A-7791BBFB5689} = {1DD625E7-4575-4DF4-B81A-7791BBFB5689}
	EndProjectSection
EndProject
Global
	GlobalSection(SolutionConfigurationPlatforms) = preSolution
		Debug|Any CPU = Debug|Any CPU
		Debug|x64 = Debug|x64
		Release|Any CPU = Release|Any CPU
		Release|x64 = Release|x64
	EndGlobalSection
	GlobalSection(ProjectConfigurationPlatforms) = postSolution
		{1DD625E7-4575-4DF4-B81A-7791BBFB5689}.Debug|Any CPU.ActiveCfg = Debug|Any CPU
		{1DD625E7-4575-4DF4-B81A-7791BBFB5689}.Debug|Any CPU.Build.0 = Debug|Any CPU
		{1DD625E7-4575-4DF4-B81A-7791BBFB5689}.Debug|x64.ActiveCfg = Debug|x64
		{1DD625E7-4575-4DF4-B81A-7791BBFB5689}.Debug|x64.Build.0 = Debug|x64
		{1DD625E7-4575-4DF4-B81A-7791BBFB5689}.Release|Any CPU.ActiveCfg = Release|Any CPU
		{1DD625E7-4575-4DF4-B81A-7791BBFB5689}.Release|Any CPU.Build.0 = Release|Any CPU
		{1DD625E7-4575-4DF4-B81A-7791BBFB5689}.Release|x64.ActiveCfg = Release|x64
		{1DD625E7-4575-4DF4-B81A-7791BBFB5689}.Release|x64.Build.0 = Release|x64
		{069E4A68-0660-41F3-8541-198D83668489}.Debug|Any CPU.ActiveCfg = Debug
		{069E4A68-0660-41F3-8541-198D83668489}.Debug|Any CPU.Build.0 = Debug
		{069E4A68-0660-41F3-8541-198D83668489}.Debug|x64.ActiveCfg = Debug
		{069E4A68-0660-41F3-8541-198D83668489}.Debug|x64.Build.0 = Debug
		{069E4A68-0660-41F3-8541-198D83668489}.Release|Any CPU.ActiveCfg = Release
		{069E4A68-0660-41F3-8541-198D83668489}.Release|Any CPU.Build.0 = Release
		{069E4A68-0660-41F3-8541-198D83668489}.Release|x64.ActiveCfg = Release
		{069E4A68-0660-41F3-8541-198D83668489}.Release|x64.Build.0 = Release
		{C24BC54F-0824-4021-BCE5-96307A938ED6}.Debug|Any CPU.ActiveCfg = Release|x64
		{C24BC54F-0824-4021-BCE5-96307A938ED6}.Debug|Any CPU.Build.0 = Release|x64
		{C24BC54F-0824-4021-BCE5-96307A938ED6}.Debug|x64.ActiveCfg = Release|x64
		{C24BC54F-0824-4021-BCE5-96307A938ED6}.Debug|x64.Build.0 = Release|x64
		{C24BC54F-0824-4021-BCE5-96307A938ED6}.Release|Any CPU.ActiveCfg = Release|x64
		{C24BC54F-0824-4021-BCE5-96307A938ED6}.Release|x64.ActiveCfg = Release|x64
		{C24BC54F-0824-4021-BCE5-96307A938ED6}.Release|x64.Build.0 = Release|x64
	EndGlobalSection
	GlobalSection(SolutionProperties) = preSolution
		HideSolutionNode = FALSE
	EndGlobalSection
	GlobalSection(NestedProjects) = preSolution
		{069E4A68-0660-41F3-8541-198D83668489} = {06ED9741-F3ED-478B-89F4-8C3E9A583E58}
		{C24BC54F-0824-4021-BCE5-96307A938ED6} = {06ED9741-F3ED-478B-89F4-8C3E9A583E58}
	EndGlobalSection
	GlobalSection(ExtensibilityGlobals) = postSolution
		SolutionGuid = {CD1CCC4B-3F93-490C-A99A-03CBDBCFA46C}
	EndGlobalSection
EndGlobal
