
Microsoft Visual Studio Solution File, Format Version 12.00
# Visual Studio Version 16
VisualStudioVersion = 16.0.29613.14
MinimumVisualStudioVersion = 10.0.40219.1
Project("{FAE04EC0-301F-11D3-BF4B-00C04F79EFBC}") = "PMPageToggleBitmapButtons", "PMPageToggleBitmapButtons.csproj", "{C3BB7E84-E8A3-4479-8753-FF1D34E7DBB8}"
EndProject
Global
	GlobalSection(SolutionConfigurationPlatforms) = preSolution
		Debug|Any CPU = Debug|Any CPU
		Release|Any CPU = Release|Any CPU
	EndGlobalSection
	GlobalSection(ProjectConfigurationPlatforms) = postSolution
		{C3BB7E84-E8A3-4479-8753-FF1D34E7DBB8}.Debug|Any CPU.ActiveCfg = Debug|Any CPU
		{C3BB7E84-E8A3-4479-8753-FF1D34E7DBB8}.Debug|Any CPU.Build.0 = Debug|Any CPU
		{C3BB7E84-E8A3-4479-8753-FF1D34E7DBB8}.Release|Any CPU.ActiveCfg = Release|Any CPU
		{C3BB7E84-E8A3-4479-8753-FF1D34E7DBB8}.Release|Any CPU.Build.0 = Release|Any CPU
	EndGlobalSection
	GlobalSection(SolutionProperties) = preSolution
		HideSolutionNode = FALSE
	EndGlobalSection
	GlobalSection(ExtensibilityGlobals) = postSolution
		SolutionGuid = {FE1C43EE-B909-4351-9BFB-9C0C9BDEC6FE}
	EndGlobalSection
EndGlobal
