
Microsoft Visual Studio Solution File, Format Version 12.00
# Visual Studio Version 16
VisualStudioVersion = 16.0.29613.14
MinimumVisualStudioVersion = 10.0.40219.1
Project("{FAE04EC0-301F-11D3-BF4B-00C04F79EFBC}") = "CascadingComboBox", "CascadingComboBox.csproj", "{1F1B5BA7-5CA9-4CA0-9EC1-D41BA457EEA2}"
EndProject
Global
	GlobalSection(SolutionConfigurationPlatforms) = preSolution
		Debug|Any CPU = Debug|Any CPU
		Release|Any CPU = Release|Any CPU
	EndGlobalSection
	GlobalSection(ProjectConfigurationPlatforms) = postSolution
		{1F1B5BA7-5CA9-4CA0-9EC1-D41BA457EEA2}.Debug|Any CPU.ActiveCfg = Debug|Any CPU
		{1F1B5BA7-5CA9-4CA0-9EC1-D41BA457EEA2}.Debug|Any CPU.Build.0 = Debug|Any CPU
		{1F1B5BA7-5CA9-4CA0-9EC1-D41BA457EEA2}.Release|Any CPU.ActiveCfg = Release|Any CPU
		{1F1B5BA7-5CA9-4CA0-9EC1-D41BA457EEA2}.Release|Any CPU.Build.0 = Release|Any CPU
	EndGlobalSection
	GlobalSection(SolutionProperties) = preSolution
		HideSolutionNode = FALSE
	EndGlobalSection
	GlobalSection(ExtensibilityGlobals) = postSolution
		SolutionGuid = {E5821404-465E-48EC-8F1B-BB41DD1451B6}
	EndGlobalSection
EndGlobal
