
Microsoft Visual Studio Solution File, Format Version 12.00
# Visual Studio Version 16
VisualStudioVersion = 16.0.29613.14
MinimumVisualStudioVersion = 10.0.40219.1
Project("{FAE04EC0-301F-11D3-BF4B-00C04F79EFBC}") = "SqlDbEfNetCore", "SqlDbEfNetCore.csproj", "{C08061AD-E576-4037-AAF0-63802641E755}"
EndProject
Global
	GlobalSection(SolutionConfigurationPlatforms) = preSolution
		Debug|Any CPU = Debug|Any CPU
		Release|Any CPU = Release|Any CPU
	EndGlobalSection
	GlobalSection(ProjectConfigurationPlatforms) = postSolution
		{C08061AD-E576-4037-AAF0-63802641E755}.Debug|Any CPU.ActiveCfg = Debug|Any CPU
		{C08061AD-E576-4037-AAF0-63802641E755}.Debug|Any CPU.Build.0 = Debug|Any CPU
		{C08061AD-E576-4037-AAF0-63802641E755}.Release|Any CPU.ActiveCfg = Release|Any CPU
		{C08061AD-E576-4037-AAF0-63802641E755}.Release|Any CPU.Build.0 = Release|Any CPU
	EndGlobalSection
	GlobalSection(SolutionProperties) = preSolution
		HideSolutionNode = FALSE
	EndGlobalSection
	GlobalSection(ExtensibilityGlobals) = postSolution
		SolutionGuid = {9F50D11B-85FB-4070-8EA7-A93D2C53D66D}
	EndGlobalSection
EndGlobal
