
Microsoft Visual Studio Solution File, Format Version 12.00
# Visual Studio Version 17
VisualStudioVersion = 17.4.33205.214
MinimumVisualStudioVersion = 10.0.40219.1
Project("{FAE04EC0-301F-11D3-BF4B-00C04F79EFBC}") = "XamlImporter", "XamlImporter\XamlImporter.csproj", "{99FBC05D-AB43-415B-A5AB-72DA704A3BE5}"
EndProject
Global
	GlobalSection(SolutionConfigurationPlatforms) = preSolution
		Debug|Any CPU = Debug|Any CPU
		Release|Any CPU = Release|Any CPU
	EndGlobalSection
	GlobalSection(ProjectConfigurationPlatforms) = postSolution
		{99FBC05D-AB43-415B-A5AB-72DA704A3BE5}.Debug|Any CPU.ActiveCfg = Debug|Any CPU
		{99FBC05D-AB43-415B-A5AB-72DA704A3BE5}.Debug|Any CPU.Build.0 = Debug|Any CPU
		{99FBC05D-AB43-415B-A5AB-72DA704A3BE5}.Release|Any CPU.ActiveCfg = Release|Any CPU
		{99FBC05D-AB43-415B-A5AB-72DA704A3BE5}.Release|Any CPU.Build.0 = Release|Any CPU
	EndGlobalSection
	GlobalSection(SolutionProperties) = preSolution
		HideSolutionNode = FALSE
	EndGlobalSection
	GlobalSection(ExtensibilityGlobals) = postSolution
		SolutionGuid = {16AF24B4-7227-4B31-B8F4-7D7F7DEAFE07}
	EndGlobalSection
EndGlobal
