
Microsoft Visual Studio Solution File, Format Version 12.00
# Visual Studio Version 17
VisualStudioVersion = 17.2.32616.157
MinimumVisualStudioVersion = 10.0.40219.1
Project("{9A19103F-16F7-4668-BE54-9A1E7A4F7556}") = "SampleAddIn1Core", "SampleAddIn1Core\SampleAddIn1Core.csproj", "{C8D11BA8-AEB3-498D-8026-2B3DF4DA36DA}"
EndProject
Project("{9A19103F-16F7-4668-BE54-9A1E7A4F7556}") = "SampleAddIn1NetFramework", "SampleAddIn1NetFramework\SampleAddIn1NetFramework.csproj", "{B185CFFB-CC56-4CDB-9B04-184D198D1D7A}"
EndProject
Project("{9A19103F-16F7-4668-BE54-9A1E7A4F7556}") = "SampleAddIn2Core", "SampleAddIn2Core\SampleAddIn2Core.csproj", "{50111334-86AD-4B21-BD18-1607E939B5DE}"
EndProject
Project("{9A19103F-16F7-4668-BE54-9A1E7A4F7556}") = "SampleAddIn2NetFramework", "SampleAddIn2NetFramework\SampleAddIn2NetFramework.csproj", "{9146059B-9CC3-4EDD-A0D5-2FCFADE82487}"
EndProject
Project("{2150E333-8FDC-42A3-9474-1A3956D46DE8}") = ".Net Framework", ".Net Framework", "{9244AA6C-4E9A-43D5-AB48-5FC682272D6D}"
EndProject
Project("{2150E333-8FDC-42A3-9474-1A3956D46DE8}") = ".NET Core", ".NET Core", "{0FEE840D-36F1-43D0-8B28-731F424A5950}"
EndProject
Project("{FAE04EC0-301F-11D3-BF4B-00C04F79EFBC}") = "SharedLib", "SharedLib\SharedLib.csproj", "{3DD6B6F7-94DC-4434-90C5-D5274830EEFE}"
EndProject
Project("{2150E333-8FDC-42A3-9474-1A3956D46DE8}") = ".NET6", ".NET6", "{16079018-FAA0-4D15-BED9-D6DB722E66A8}"
EndProject
Project("{FAE04EC0-301F-11D3-BF4B-00C04F79EFBC}") = "SampleAddIn1Net6", "SampleAddIn1Net6\SampleAddIn1Net6.csproj", "{B637B818-CB65-4875-8CBA-FE19F92C17FE}"
EndProject
Project("{9A19103F-16F7-4668-BE54-9A1E7A4F7556}") = "SampleAddIn2Net6", "SampleAddIn2Net6\SampleAddIn2Net6.csproj", "{50F7567E-602E-44DB-A546-26615C231CBC}"
EndProject
Global
	GlobalSection(SolutionConfigurationPlatforms) = preSolution
		Debug|Any CPU = Debug|Any CPU
		Release|Any CPU = Release|Any CPU
	EndGlobalSection
	GlobalSection(ProjectConfigurationPlatforms) = postSolution
		{C8D11BA8-AEB3-498D-8026-2B3DF4DA36DA}.Debug|Any CPU.ActiveCfg = Debug|Any CPU
		{C8D11BA8-AEB3-498D-8026-2B3DF4DA36DA}.Debug|Any CPU.Build.0 = Debug|Any CPU
		{C8D11BA8-AEB3-498D-8026-2B3DF4DA36DA}.Release|Any CPU.ActiveCfg = Release|Any CPU
		{C8D11BA8-AEB3-498D-8026-2B3DF4DA36DA}.Release|Any CPU.Build.0 = Release|Any CPU
		{B185CFFB-CC56-4CDB-9B04-184D198D1D7A}.Debug|Any CPU.ActiveCfg = Debug|Any CPU
		{B185CFFB-CC56-4CDB-9B04-184D198D1D7A}.Debug|Any CPU.Build.0 = Debug|Any CPU
		{B185CFFB-CC56-4CDB-9B04-184D198D1D7A}.Release|Any CPU.ActiveCfg = Release|Any CPU
		{B185CFFB-CC56-4CDB-9B04-184D198D1D7A}.Release|Any CPU.Build.0 = Release|Any CPU
		{50111334-86AD-4B21-BD18-1607E939B5DE}.Debug|Any CPU.ActiveCfg = Debug|Any CPU
		{50111334-86AD-4B21-BD18-1607E939B5DE}.Debug|Any CPU.Build.0 = Debug|Any CPU
		{50111334-86AD-4B21-BD18-1607E939B5DE}.Release|Any CPU.ActiveCfg = Release|Any CPU
		{50111334-86AD-4B21-BD18-1607E939B5DE}.Release|Any CPU.Build.0 = Release|Any CPU
		{9146059B-9CC3-4EDD-A0D5-2FCFADE82487}.Debug|Any CPU.ActiveCfg = Debug|Any CPU
		{9146059B-9CC3-4EDD-A0D5-2FCFADE82487}.Debug|Any CPU.Build.0 = Debug|Any CPU
		{9146059B-9CC3-4EDD-A0D5-2FCFADE82487}.Release|Any CPU.ActiveCfg = Release|Any CPU
		{9146059B-9CC3-4EDD-A0D5-2FCFADE82487}.Release|Any CPU.Build.0 = Release|Any CPU
		{3DD6B6F7-94DC-4434-90C5-D5274830EEFE}.Debug|Any CPU.ActiveCfg = Debug|Any CPU
		{3DD6B6F7-94DC-4434-90C5-D5274830EEFE}.Debug|Any CPU.Build.0 = Debug|Any CPU
		{3DD6B6F7-94DC-4434-90C5-D5274830EEFE}.Release|Any CPU.ActiveCfg = Release|Any CPU
		{3DD6B6F7-94DC-4434-90C5-D5274830EEFE}.Release|Any CPU.Build.0 = Release|Any CPU
		{B637B818-CB65-4875-8CBA-FE19F92C17FE}.Debug|Any CPU.ActiveCfg = Debug|Any CPU
		{B637B818-CB65-4875-8CBA-FE19F92C17FE}.Debug|Any CPU.Build.0 = Debug|Any CPU
		{B637B818-CB65-4875-8CBA-FE19F92C17FE}.Release|Any CPU.ActiveCfg = Release|Any CPU
		{B637B818-CB65-4875-8CBA-FE19F92C17FE}.Release|Any CPU.Build.0 = Release|Any CPU
		{50F7567E-602E-44DB-A546-26615C231CBC}.Debug|Any CPU.ActiveCfg = Debug|Any CPU
		{50F7567E-602E-44DB-A546-26615C231CBC}.Debug|Any CPU.Build.0 = Debug|Any CPU
		{50F7567E-602E-44DB-A546-26615C231CBC}.Release|Any CPU.ActiveCfg = Release|Any CPU
		{50F7567E-602E-44DB-A546-26615C231CBC}.Release|Any CPU.Build.0 = Release|Any CPU
	EndGlobalSection
	GlobalSection(SolutionProperties) = preSolution
		HideSolutionNode = FALSE
	EndGlobalSection
	GlobalSection(NestedProjects) = preSolution
		{C8D11BA8-AEB3-498D-8026-2B3DF4DA36DA} = {0FEE840D-36F1-43D0-8B28-731F424A5950}
		{B185CFFB-CC56-4CDB-9B04-184D198D1D7A} = {9244AA6C-4E9A-43D5-AB48-5FC682272D6D}
		{50111334-86AD-4B21-BD18-1607E939B5DE} = {0FEE840D-36F1-43D0-8B28-731F424A5950}
		{9146059B-9CC3-4EDD-A0D5-2FCFADE82487} = {9244AA6C-4E9A-43D5-AB48-5FC682272D6D}
		{3DD6B6F7-94DC-4434-90C5-D5274830EEFE} = {9244AA6C-4E9A-43D5-AB48-5FC682272D6D}
		{B637B818-CB65-4875-8CBA-FE19F92C17FE} = {16079018-FAA0-4D15-BED9-D6DB722E66A8}
		{50F7567E-602E-44DB-A546-26615C231CBC} = {16079018-FAA0-4D15-BED9-D6DB722E66A8}
	EndGlobalSection
	GlobalSection(ExtensibilityGlobals) = postSolution
		SolutionGuid = {CC510F93-0EFA-4252-994B-2A047224842C}
	EndGlobalSection
EndGlobal
