
Microsoft Visual Studio Solution File, Format Version 12.00
# Visual Studio Version 16
VisualStudioVersion = 16.0.29613.14
MinimumVisualStudioVersion = 10.0.40219.1
Project("{FAE04EC0-301F-11D3-BF4B-00C04F79EFBC}") = "PMPage", "PMPage.csproj", "{FF980277-F8A5-4A5E-925E-16244360A6FA}"
EndProject
Global
	GlobalSection(SolutionConfigurationPlatforms) = preSolution
		Debug|Any CPU = Debug|Any CPU
		Release|Any CPU = Release|Any CPU
	EndGlobalSection
	GlobalSection(ProjectConfigurationPlatforms) = postSolution
		{FF980277-F8A5-4A5E-925E-16244360A6FA}.Debug|Any CPU.ActiveCfg = Debug|Any CPU
		{FF980277-F8A5-4A5E-925E-16244360A6FA}.Debug|Any CPU.Build.0 = Debug|Any CPU
		{FF980277-F8A5-4A5E-925E-16244360A6FA}.Release|Any CPU.ActiveCfg = Release|Any CPU
		{FF980277-F8A5-4A5E-925E-16244360A6FA}.Release|Any CPU.Build.0 = Release|Any CPU
	EndGlobalSection
	GlobalSection(SolutionProperties) = preSolution
		HideSolutionNode = FALSE
	EndGlobalSection
	GlobalSection(ExtensibilityGlobals) = postSolution
		SolutionGuid = {277EC06C-612F-4B35-AF32-162DE3669477}
	EndGlobalSection
EndGlobal
