
Microsoft Visual Studio Solution File, Format Version 12.00
# Visual Studio Version 16
VisualStudioVersion = 16.0.29613.14
MinimumVisualStudioVersion = 10.0.40219.1
Project("{9A19103F-16F7-4668-BE54-9A1E7A4F7556}") = "model-generator", "model-generator.csproj", "{27919AD0-EF28-4430-BA27-8DF761828E27}"
EndProject
Global
	GlobalSection(SolutionConfigurationPlatforms) = preSolution
		Debug|Any CPU = Debug|Any CPU
		Release|Any CPU = Release|Any CPU
	EndGlobalSection
	GlobalSection(ProjectConfigurationPlatforms) = postSolution
		{27919AD0-EF28-4430-BA27-8DF761828E27}.Debug|Any CPU.ActiveCfg = Debug|Any CPU
		{27919AD0-EF28-4430-BA27-8DF761828E27}.Debug|Any CPU.Build.0 = Debug|Any CPU
		{27919AD0-EF28-4430-BA27-8DF761828E27}.Release|Any CPU.ActiveCfg = Release|Any CPU
		{27919AD0-EF28-4430-BA27-8DF761828E27}.Release|Any CPU.Build.0 = Release|Any CPU
	EndGlobalSection
	GlobalSection(SolutionProperties) = preSolution
		HideSolutionNode = FALSE
	EndGlobalSection
	GlobalSection(ExtensibilityGlobals) = postSolution
		SolutionGuid = {CB0F0252-EF89-4788-8A77-9887B2254C13}
	EndGlobalSection
EndGlobal
