
Microsoft Visual Studio Solution File, Format Version 12.00
# Visual Studio Version 16
VisualStudioVersion = 16.0.29613.14
MinimumVisualStudioVersion = 10.0.40219.1
Project("{FAE04EC0-301F-11D3-BF4B-00C04F79EFBC}") = "Box", "Box\Box.csproj", "{740932DC-8F72-4410-B7EA-53934E82E0DC}"
EndProject
Global
	GlobalSection(SolutionConfigurationPlatforms) = preSolution
		Debug|Any CPU = Debug|Any CPU
		Release|Any CPU = Release|Any CPU
	EndGlobalSection
	GlobalSection(ProjectConfigurationPlatforms) = postSolution
		{740932DC-8F72-4410-B7EA-53934E82E0DC}.Debug|Any CPU.ActiveCfg = Debug|Any CPU
		{740932DC-8F72-4410-B7EA-53934E82E0DC}.Debug|Any CPU.Build.0 = Debug|Any CPU
		{740932DC-8F72-4410-B7EA-53934E82E0DC}.Release|Any CPU.ActiveCfg = Release|Any CPU
		{740932DC-8F72-4410-B7EA-53934E82E0DC}.Release|Any CPU.Build.0 = Release|Any CPU
	EndGlobalSection
	GlobalSection(SolutionProperties) = preSolution
		HideSolutionNode = FALSE
	EndGlobalSection
	GlobalSection(ExtensibilityGlobals) = postSolution
		SolutionGuid = {FDAA09A1-5FD7-4384-A7A3-B1CB9F639525}
	EndGlobalSection
EndGlobal
