
Microsoft Visual Studio Solution File, Format Version 12.00
# Visual Studio Version 16
VisualStudioVersion = 16.0.29613.14
MinimumVisualStudioVersion = 10.0.40219.1
Project("{FAE04EC0-301F-11D3-BF4B-00C04F79EFBC}") = "ToggleCommand", "ToggleCommand\ToggleCommand.csproj", "{8D95CA35-E541-452F-BACC-AF5F2E15FC96}"
EndProject
Global
	GlobalSection(SolutionConfigurationPlatforms) = preSolution
		Debug|Any CPU = Debug|Any CPU
		Release|Any CPU = Release|Any CPU
	EndGlobalSection
	GlobalSection(ProjectConfigurationPlatforms) = postSolution
		{8D95CA35-E541-452F-BACC-AF5F2E15FC96}.Debug|Any CPU.ActiveCfg = Debug|Any CPU
		{8D95CA35-E541-452F-BACC-AF5F2E15FC96}.Debug|Any CPU.Build.0 = Debug|Any CPU
		{8D95CA35-E541-452F-BACC-AF5F2E15FC96}.Release|Any CPU.ActiveCfg = Release|Any CPU
		{8D95CA35-E541-452F-BACC-AF5F2E15FC96}.Release|Any CPU.Build.0 = Release|Any CPU
	EndGlobalSection
	GlobalSection(SolutionProperties) = preSolution
		HideSolutionNode = FALSE
	EndGlobalSection
	GlobalSection(ExtensibilityGlobals) = postSolution
		SolutionGuid = {5FA492FA-93F2-4307-B800-8F966313F34D}
	EndGlobalSection
EndGlobal
