
Microsoft Visual Studio Solution File, Format Version 12.00
# Visual Studio Version 16
VisualStudioVersion = 16.0.29613.14
MinimumVisualStudioVersion = 10.0.40219.1
Project("{FAE04EC0-301F-11D3-BF4B-00C04F79EFBC}") = "PropertiesReader", "PropertiesReader\PropertiesReader.csproj", "{B7D95E9B-3181-4E8F-B153-2C5ECDCECA42}"
EndProject
Project("{FAE04EC0-301F-11D3-BF4B-00C04F79EFBC}") = "SwPropertiesReader", "SwPropertiesReader\SwPropertiesReader.csproj", "{3C851A56-CA6C-4CC9-8D8C-4A5C2D6882EE}"
EndProject
Project("{FAE04EC0-301F-11D3-BF4B-00C04F79EFBC}") = "SwDmPropertiesReader", "SwDmPropertiesReader\SwDmPropertiesReader.csproj", "{24306D10-7B6E-4EE0-82F5-DD09415C14BA}"
EndProject
Global
	GlobalSection(SolutionConfigurationPlatforms) = preSolution
		Debug|Any CPU = Debug|Any CPU
		Release|Any CPU = Release|Any CPU
	EndGlobalSection
	GlobalSection(ProjectConfigurationPlatforms) = postSolution
		{B7D95E9B-3181-4E8F-B153-2C5ECDCECA42}.Debug|Any CPU.ActiveCfg = Debug|Any CPU
		{B7D95E9B-3181-4E8F-B153-2C5ECDCECA42}.Debug|Any CPU.Build.0 = Debug|Any CPU
		{B7D95E9B-3181-4E8F-B153-2C5ECDCECA42}.Release|Any CPU.ActiveCfg = Release|Any CPU
		{B7D95E9B-3181-4E8F-B153-2C5ECDCECA42}.Release|Any CPU.Build.0 = Release|Any CPU
		{3C851A56-CA6C-4CC9-8D8C-4A5C2D6882EE}.Debug|Any CPU.ActiveCfg = Debug|Any CPU
		{3C851A56-CA6C-4CC9-8D8C-4A5C2D6882EE}.Debug|Any CPU.Build.0 = Debug|Any CPU
		{3C851A56-CA6C-4CC9-8D8C-4A5C2D6882EE}.Release|Any CPU.ActiveCfg = Release|Any CPU
		{3C851A56-CA6C-4CC9-8D8C-4A5C2D6882EE}.Release|Any CPU.Build.0 = Release|Any CPU
		{24306D10-7B6E-4EE0-82F5-DD09415C14BA}.Debug|Any CPU.ActiveCfg = Debug|Any CPU
		{24306D10-7B6E-4EE0-82F5-DD09415C14BA}.Debug|Any CPU.Build.0 = Debug|Any CPU
		{24306D10-7B6E-4EE0-82F5-DD09415C14BA}.Release|Any CPU.ActiveCfg = Release|Any CPU
		{24306D10-7B6E-4EE0-82F5-DD09415C14BA}.Release|Any CPU.Build.0 = Release|Any CPU
	EndGlobalSection
	GlobalSection(SolutionProperties) = preSolution
		HideSolutionNode = FALSE
	EndGlobalSection
	GlobalSection(ExtensibilityGlobals) = postSolution
		SolutionGuid = {AA8003AF-5DE8-4F3A-B927-108A84D6CE45}
	EndGlobalSection
EndGlobal
